github.com/TwinProduction/go-color v1.0.0 h1:8n59tqmLmt8jyRsY44RPy2ixPDDw0FcVoAhlYeyz3Jw=
github.com/TwinProduction/go-color v1.0.0/go.mod h1:5hWpSyT+mmKPjCwPNEruBW5Dkbs/2PwOuU468ntEXNQ=
github.com/nu7hatch/gouuid v0.0.0-20131221200532-179d4d0c4d8d h1:VhgPp6v9qf9Agr/56bj7Y/xa04UccTW04VP0Qed4vnQ=
github.com/nu7hatch/gouuid v0.0.0-20131221200532-179d4d0c4d8d/go.mod h1:YUTz3bUH2ZwIWBy3CJBeOBEugqcmXREj14T+iG/4k4U=
